{
    "_meta": {
        "hash": {
            "sha256": "4a938879bb1ceb750fbe8a3c2c2ebb931dc3ac5cc432e3ad1137d862240e9404"
        },
        "pipfile-spec": 6,
        "requires": {
            "python_version": "3.8"
        },
        "sources": [
            {
                "name": "pypi",
                "url": "https://pypi.python.org/simple",
                "verify_ssl": true
            }
        ]
    },
    "default": {
        "certifi": {
            "hashes": [
                "sha256:2bbf76fd432960138b3ef6dda3dde0544f27cbf8546c458e60baf371917ba9ee",
                "sha256:50b1e4f8446b06f41be7dd6338db18e0990601dce795c2b1686458aa7e8fa7d8"
            ],
            "index": "pypi",
            "version": "==2021.5.30"
        },
        "pycurl": {
            "hashes": [
                "sha256:8301518689daefa53726b59ded6b48f33751c383cf987b0ccfbbc4ed40281325"
            ],
            "index": "pypi",
            "version": "==7.43.0.6"
        },
        "pyside6": {
            "hashes": [
                "sha256:2dda3467d56ec76031b36ce2571e931cf5f3b6682497edc8a004e0360436da5d",
                "sha256:d95286a6d59f29f5cad18c4346166f94bfedff9a61056d9b30d641e7a6ee0b28",
                "sha256:dab04edbde131d09a885fc2c945d9ea3f8e90e6d73546e66de5c2265c4731cf9"
            ],
            "index": "pypi",
            "version": "==6.1.2"
        },
        "shiboken6": {
            "hashes": [
                "sha256:6b60c5f7ca1a272526c49a9e5f4cc9a4f5657e89c2c36eaa81f24b4c027847d9",
                "sha256:745428c03831f5d60c3ad08b2cbcf25342aef5abfba9d7e79b3a25b38d4bff31",
                "sha256:acdbf0f085d8d07125ca5acc2ee6b1c56c97c91bd924ebfbcee7ac7d166e7bbe"
            ],
            "version": "==6.1.2"
        }
    },
    "develop": {}
}
